
Microsoft Visual Studio Solution File, Format Version 12.00
# Visual Studio Version 16
VisualStudioVersion = 16.0.30907.101
MinimumVisualStudioVersion = 10.0.40219.1
Project("{2150E333-8FDC-42A3-9474-1A3956D46DE8}") = "src", "src", "{C78542FB-1D8F-4F07-AE23-A821575A4C6F}"
EndProject
Project("{2150E333-8FDC-42A3-9474-1A3956D46DE8}") = "Presentation", "Presentation", "{E34CB766-557D-4647-A150-DC7B10C905B8}"
EndProject
Project("{9A19103F-16F7-4668-BE54-9A1E7A4F7556}") = "Cat.Presentation.Web", "src\Presentation\Cat.Presentation.Web\Cat.Presentation.Web.csproj", "{A67D4C20-3088-4E58-8C9E-6229DA8143AD}"
EndProject
Project("{9A19103F-16F7-4668-BE54-9A1E7A4F7556}") = "Cat.Presentation.BotApiEndpointRouting", "src\Presentation\Cat.Presentation.BotApiEndpointRouting\Cat.Presentation.BotApiEndpointRouting.csproj", "{C650C74C-6144-49CF-8B5E-95699BE1B252}"
EndProject
Project("{2150E333-8FDC-42A3-9474-1A3956D46DE8}") = "Domain", "Domain", "{6CE8565B-4981-49A7-9874-087420EFB445}"
EndProject
Project("{2150E333-8FDC-42A3-9474-1A3956D46DE8}") = "Application", "Application", "{B5924BAD-0DFC-4FE4-9250-1464A7FB8C0C}"
EndProject
Project("{2150E333-8FDC-42A3-9474-1A3956D46DE8}") = "Infrastructure", "Infrastructure", "{09A9413B-E8CB-400A-8391-B40D578DAD4E}"
EndProject
Project("{9A19103F-16F7-4668-BE54-9A1E7A4F7556}") = "Cat.Application", "src\Application\Cat.Application\Cat.Application.csproj", "{3192BEBF-5EAE-4A08-A959-7A5A08EB6FB4}"
EndProject
Project("{9A19103F-16F7-4668-BE54-9A1E7A4F7556}") = "Cat.Infrastructure", "src\Infrastructure\Cat.Infrastructure\Cat.Infrastructure.csproj", "{5FA8B638-0786-48D9-83E0-65F0EC1ADE48}"
EndProject
Project("{9A19103F-16F7-4668-BE54-9A1E7A4F7556}") = "Cat.Domain.BotApiComponents", "src\Domain\Cat.Domain.BotApiComponents\Cat.Domain.BotApiComponents.csproj", "{67A29A0E-7C17-4E1F-9210-4D266170A8C4}"
EndProject
Project("{9A19103F-16F7-4668-BE54-9A1E7A4F7556}") = "Cat.Domain.BotUpdates", "src\Domain\Cat.Domain.BotUpdates\Cat.Domain.BotUpdates.csproj", "{C918F541-A908-4B5C-B84D-763552C4083C}"
EndProject
Project("{9A19103F-16F7-4668-BE54-9A1E7A4F7556}") = "Cat.Infrastructure.Fake", "src\Infrastructure\Cat.Infrastructure.Fake\Cat.Infrastructure.Fake.csproj", "{4A8D30BB-F619-4294-BFF8-FB54D7EC5212}"
EndProject
Global
	GlobalSection(SolutionConfigurationPlatforms) = preSolution
		Debug|Any CPU = Debug|Any CPU
		Release|Any CPU = Release|Any CPU
	EndGlobalSection
	GlobalSection(ProjectConfigurationPlatforms) = postSolution
		{A67D4C20-3088-4E58-8C9E-6229DA8143AD}.Debug|Any CPU.ActiveCfg = Debug|Any CPU
		{A67D4C20-3088-4E58-8C9E-6229DA8143AD}.Debug|Any CPU.Build.0 = Debug|Any CPU
		{A67D4C20-3088-4E58-8C9E-6229DA8143AD}.Release|Any CPU.ActiveCfg = Release|Any CPU
		{A67D4C20-3088-4E58-8C9E-6229DA8143AD}.Release|Any CPU.Build.0 = Release|Any CPU
		{C650C74C-6144-49CF-8B5E-95699BE1B252}.Debug|Any CPU.ActiveCfg = Debug|Any CPU
		{C650C74C-6144-49CF-8B5E-95699BE1B252}.Debug|Any CPU.Build.0 = Debug|Any CPU
		{C650C74C-6144-49CF-8B5E-95699BE1B252}.Release|Any CPU.ActiveCfg = Release|Any CPU
		{C650C74C-6144-49CF-8B5E-95699BE1B252}.Release|Any CPU.Build.0 = Release|Any CPU
		{3192BEBF-5EAE-4A08-A959-7A5A08EB6FB4}.Debug|Any CPU.ActiveCfg = Debug|Any CPU
		{3192BEBF-5EAE-4A08-A959-7A5A08EB6FB4}.Debug|Any CPU.Build.0 = Debug|Any CPU
		{3192BEBF-5EAE-4A08-A959-7A5A08EB6FB4}.Release|Any CPU.ActiveCfg = Release|Any CPU
		{3192BEBF-5EAE-4A08-A959-7A5A08EB6FB4}.Release|Any CPU.Build.0 = Release|Any CPU
		{5FA8B638-0786-48D9-83E0-65F0EC1ADE48}.Debug|Any CPU.ActiveCfg = Debug|Any CPU
		{5FA8B638-0786-48D9-83E0-65F0EC1ADE48}.Debug|Any CPU.Build.0 = Debug|Any CPU
		{5FA8B638-0786-48D9-83E0-65F0EC1ADE48}.Release|Any CPU.ActiveCfg = Release|Any CPU
		{5FA8B638-0786-48D9-83E0-65F0EC1ADE48}.Release|Any CPU.Build.0 = Release|Any CPU
		{67A29A0E-7C17-4E1F-9210-4D266170A8C4}.Debug|Any CPU.ActiveCfg = Debug|Any CPU
		{67A29A0E-7C17-4E1F-9210-4D266170A8C4}.Debug|Any CPU.Build.0 = Debug|Any CPU
		{67A29A0E-7C17-4E1F-9210-4D266170A8C4}.Release|Any CPU.ActiveCfg = Release|Any CPU
		{67A29A0E-7C17-4E1F-9210-4D266170A8C4}.Release|Any CPU.Build.0 = Release|Any CPU
		{C918F541-A908-4B5C-B84D-763552C4083C}.Debug|Any CPU.ActiveCfg = Debug|Any CPU
		{C918F541-A908-4B5C-B84D-763552C4083C}.Debug|Any CPU.Build.0 = Debug|Any CPU
		{C918F541-A908-4B5C-B84D-763552C4083C}.Release|Any CPU.ActiveCfg = Release|Any CPU
		{C918F541-A908-4B5C-B84D-763552C4083C}.Release|Any CPU.Build.0 = Release|Any CPU
		{4A8D30BB-F619-4294-BFF8-FB54D7EC5212}.Debug|Any CPU.ActiveCfg = Debug|Any CPU
		{4A8D30BB-F619-4294-BFF8-FB54D7EC5212}.Debug|Any CPU.Build.0 = Debug|Any CPU
		{4A8D30BB-F619-4294-BFF8-FB54D7EC5212}.Release|Any CPU.ActiveCfg = Release|Any CPU
		{4A8D30BB-F619-4294-BFF8-FB54D7EC5212}.Release|Any CPU.Build.0 = Release|Any CPU
	EndGlobalSection
	GlobalSection(SolutionProperties) = preSolution
		HideSolutionNode = FALSE
	EndGlobalSection
	GlobalSection(NestedProjects) = preSolution
		{E34CB766-557D-4647-A150-DC7B10C905B8} = {C78542FB-1D8F-4F07-AE23-A821575A4C6F}
		{A67D4C20-3088-4E58-8C9E-6229DA8143AD} = {E34CB766-557D-4647-A150-DC7B10C905B8}
		{C650C74C-6144-49CF-8B5E-95699BE1B252} = {E34CB766-557D-4647-A150-DC7B10C905B8}
		{6CE8565B-4981-49A7-9874-087420EFB445} = {C78542FB-1D8F-4F07-AE23-A821575A4C6F}
		{B5924BAD-0DFC-4FE4-9250-1464A7FB8C0C} = {C78542FB-1D8F-4F07-AE23-A821575A4C6F}
		{09A9413B-E8CB-400A-8391-B40D578DAD4E} = {C78542FB-1D8F-4F07-AE23-A821575A4C6F}
		{3192BEBF-5EAE-4A08-A959-7A5A08EB6FB4} = {B5924BAD-0DFC-4FE4-9250-1464A7FB8C0C}
		{5FA8B638-0786-48D9-83E0-65F0EC1ADE48} = {09A9413B-E8CB-400A-8391-B40D578DAD4E}
		{67A29A0E-7C17-4E1F-9210-4D266170A8C4} = {6CE8565B-4981-49A7-9874-087420EFB445}
		{C918F541-A908-4B5C-B84D-763552C4083C} = {6CE8565B-4981-49A7-9874-087420EFB445}
		{4A8D30BB-F619-4294-BFF8-FB54D7EC5212} = {09A9413B-E8CB-400A-8391-B40D578DAD4E}
	EndGlobalSection
	GlobalSection(ExtensibilityGlobals) = postSolution
		SolutionGuid = {8C9B6EED-3897-4C3F-A15F-1AA00EAF0F01}
	EndGlobalSection
EndGlobal
